
Microsoft Visual Studio Solution File, Format Version 12.00
# Visual Studio Version 16
VisualStudioVersion = 16.0.32126.315
MinimumVisualStudioVersion = 10.0.40219.1
Project("{FAE04EC0-301F-11D3-BF4B-00C04F79EFBC}") = "ParserSelenuim", "ParserSelenuim.csproj", "{28D1BEFF-9DD0-4E49-A965-96EBE427A7A0}"
EndProject
Global
	GlobalSection(SolutionConfigurationPlatforms) = preSolution
		Debug|Any CPU = Debug|Any CPU
		Release|Any CPU = Release|Any CPU
	EndGlobalSection
	GlobalSection(ProjectConfigurationPlatforms) = postSolution
		{28D1BEFF-9DD0-4E49-A965-96EBE427A7A0}.Debug|Any CPU.ActiveCfg = Debug|Any CPU
		{28D1BEFF-9DD0-4E49-A965-96EBE427A7A0}.Debug|Any CPU.Build.0 = Debug|Any CPU
		{28D1BEFF-9DD0-4E49-A965-96EBE427A7A0}.Release|Any CPU.ActiveCfg = Release|Any CPU
		{28D1BEFF-9DD0-4E49-A965-96EBE427A7A0}.Release|Any CPU.Build.0 = Release|Any CPU
	EndGlobalSection
	GlobalSection(SolutionProperties) = preSolution
		HideSolutionNode = FALSE
	EndGlobalSection
	GlobalSection(ExtensibilityGlobals) = postSolution
		SolutionGuid = {746A4817-64CE-483C-A57B-56ACEF022735}
	EndGlobalSection
EndGlobal
